
Microsoft Visual Studio Solution File, Format Version 12.00
# Visual Studio 15
VisualStudioVersion = 15.0.26124.0
MinimumVisualStudioVersion = 15.0.26124.0
Project("{FAE04EC0-301F-11D3-BF4B-00C04F79EFBC}") = "Catman.Education.Application", "Catman.Education.Application\Catman.Education.Application.csproj", "{07093FDC-09F3-45A9-9256-D9406DD2BD77}"
EndProject
Project("{FAE04EC0-301F-11D3-BF4B-00C04F79EFBC}") = "Catman.Education.Persistence", "Catman.Education.Persistence\Catman.Education.Persistence.csproj", "{07E7E536-7042-4AAE-914B-815C5A773630}"
EndProject
Project("{FAE04EC0-301F-11D3-BF4B-00C04F79EFBC}") = "Catman.Education.WebApi", "Catman.Education.WebApi\Catman.Education.WebApi.csproj", "{4A795F01-C7A1-4299-A409-1E9109A4406D}"
EndProject
Project("{FAE04EC0-301F-11D3-BF4B-00C04F79EFBC}") = "Catman.Education.Authentication", "Catman.Education.Authentication\Catman.Education.Authentication.csproj", "{6E2B5002-1FD5-4AEA-98AB-E734EA2CE3D8}"
EndProject
Global
	GlobalSection(SolutionConfigurationPlatforms) = preSolution
		Debug|Any CPU = Debug|Any CPU
		Debug|x64 = Debug|x64
		Debug|x86 = Debug|x86
		Release|Any CPU = Release|Any CPU
		Release|x64 = Release|x64
		Release|x86 = Release|x86
	EndGlobalSection
	GlobalSection(SolutionProperties) = preSolution
		HideSolutionNode = FALSE
	EndGlobalSection
	GlobalSection(ProjectConfigurationPlatforms) = postSolution
		{07093FDC-09F3-45A9-9256-D9406DD2BD77}.Debug|Any CPU.ActiveCfg = Debug|Any CPU
		{07093FDC-09F3-45A9-9256-D9406DD2BD77}.Debug|Any CPU.Build.0 = Debug|Any CPU
		{07093FDC-09F3-45A9-9256-D9406DD2BD77}.Debug|x64.ActiveCfg = Debug|Any CPU
		{07093FDC-09F3-45A9-9256-D9406DD2BD77}.Debug|x64.Build.0 = Debug|Any CPU
		{07093FDC-09F3-45A9-9256-D9406DD2BD77}.Debug|x86.ActiveCfg = Debug|Any CPU
		{07093FDC-09F3-45A9-9256-D9406DD2BD77}.Debug|x86.Build.0 = Debug|Any CPU
		{07093FDC-09F3-45A9-9256-D9406DD2BD77}.Release|Any CPU.ActiveCfg = Release|Any CPU
		{07093FDC-09F3-45A9-9256-D9406DD2BD77}.Release|Any CPU.Build.0 = Release|Any CPU
		{07093FDC-09F3-45A9-9256-D9406DD2BD77}.Release|x64.ActiveCfg = Release|Any CPU
		{07093FDC-09F3-45A9-9256-D9406DD2BD77}.Release|x64.Build.0 = Release|Any CPU
		{07093FDC-09F3-45A9-9256-D9406DD2BD77}.Release|x86.ActiveCfg = Release|Any CPU
		{07093FDC-09F3-45A9-9256-D9406DD2BD77}.Release|x86.Build.0 = Release|Any CPU
		{07E7E536-7042-4AAE-914B-815C5A773630}.Debug|Any CPU.ActiveCfg = Debug|Any CPU
		{07E7E536-7042-4AAE-914B-815C5A773630}.Debug|Any CPU.Build.0 = Debug|Any CPU
		{07E7E536-7042-4AAE-914B-815C5A773630}.Debug|x64.ActiveCfg = Debug|Any CPU
		{07E7E536-7042-4AAE-914B-815C5A773630}.Debug|x64.Build.0 = Debug|Any CPU
		{07E7E536-7042-4AAE-914B-815C5A773630}.Debug|x86.ActiveCfg = Debug|Any CPU
		{07E7E536-7042-4AAE-914B-815C5A773630}.Debug|x86.Build.0 = Debug|Any CPU
		{07E7E536-7042-4AAE-914B-815C5A773630}.Release|Any CPU.ActiveCfg = Release|Any CPU
		{07E7E536-7042-4AAE-914B-815C5A773630}.Release|Any CPU.Build.0 = Release|Any CPU
		{07E7E536-7042-4AAE-914B-815C5A773630}.Release|x64.ActiveCfg = Release|Any CPU
		{07E7E536-7042-4AAE-914B-815C5A773630}.Release|x64.Build.0 = Release|Any CPU
		{07E7E536-7042-4AAE-914B-815C5A773630}.Release|x86.ActiveCfg = Release|Any CPU
		{07E7E536-7042-4AAE-914B-815C5A773630}.Release|x86.Build.0 = Release|Any CPU
		{4A795F01-C7A1-4299-A409-1E9109A4406D}.Debug|Any CPU.ActiveCfg = Debug|Any CPU
		{4A795F01-C7A1-4299-A409-1E9109A4406D}.Debug|Any CPU.Build.0 = Debug|Any CPU
		{4A795F01-C7A1-4299-A409-1E9109A4406D}.Debug|x64.ActiveCfg = Debug|Any CPU
		{4A795F01-C7A1-4299-A409-1E9109A4406D}.Debug|x64.Build.0 = Debug|Any CPU
		{4A795F01-C7A1-4299-A409-1E9109A4406D}.Debug|x86.ActiveCfg = Debug|Any CPU
		{4A795F01-C7A1-4299-A409-1E9109A4406D}.Debug|x86.Build.0 = Debug|Any CPU
		{4A795F01-C7A1-4299-A409-1E9109A4406D}.Release|Any CPU.ActiveCfg = Release|Any CPU
		{4A795F01-C7A1-4299-A409-1E9109A4406D}.Release|Any CPU.Build.0 = Release|Any CPU
		{4A795F01-C7A1-4299-A409-1E9109A4406D}.Release|x64.ActiveCfg = Release|Any CPU
		{4A795F01-C7A1-4299-A409-1E9109A4406D}.Release|x64.Build.0 = Release|Any CPU
		{4A795F01-C7A1-4299-A409-1E9109A4406D}.Release|x86.ActiveCfg = Release|Any CPU
		{4A795F01-C7A1-4299-A409-1E9109A4406D}.Release|x86.Build.0 = Release|Any CPU
		{6E2B5002-1FD5-4AEA-98AB-E734EA2CE3D8}.Debug|Any CPU.ActiveCfg = Debug|Any CPU
		{6E2B5002-1FD5-4AEA-98AB-E734EA2CE3D8}.Debug|Any CPU.Build.0 = Debug|Any CPU
		{6E2B5002-1FD5-4AEA-98AB-E734EA2CE3D8}.Debug|x64.ActiveCfg = Debug|Any CPU
		{6E2B5002-1FD5-4AEA-98AB-E734EA2CE3D8}.Debug|x64.Build.0 = Debug|Any CPU
		{6E2B5002-1FD5-4AEA-98AB-E734EA2CE3D8}.Debug|x86.ActiveCfg = Debug|Any CPU
		{6E2B5002-1FD5-4AEA-98AB-E734EA2CE3D8}.Debug|x86.Build.0 = Debug|Any CPU
		{6E2B5002-1FD5-4AEA-98AB-E734EA2CE3D8}.Release|Any CPU.ActiveCfg = Release|Any CPU
		{6E2B5002-1FD5-4AEA-98AB-E734EA2CE3D8}.Release|Any CPU.Build.0 = Release|Any CPU
		{6E2B5002-1FD5-4AEA-98AB-E734EA2CE3D8}.Release|x64.ActiveCfg = Release|Any CPU
		{6E2B5002-1FD5-4AEA-98AB-E734EA2CE3D8}.Release|x64.Build.0 = Release|Any CPU
		{6E2B5002-1FD5-4AEA-98AB-E734EA2CE3D8}.Release|x86.ActiveCfg = Release|Any CPU
		{6E2B5002-1FD5-4AEA-98AB-E734EA2CE3D8}.Release|x86.Build.0 = Release|Any CPU
	EndGlobalSection
EndGlobal
